
Microsoft Visual Studio Solution File, Format Version 12.00
# Visual Studio Version 17
VisualStudioVersion = 17.9.34728.123
MinimumVisualStudioVersion = 10.0.40219.1
Project("{9A19103F-16F7-4668-BE54-9A1E7A4F7556}") = "DesafioProjetoHospedagem", "DesafioProjetoHospedagem.csproj", "{2229D029-9402-47D3-BDAD-37585E343111}"
EndProject
Global
	GlobalSection(SolutionConfigurationPlatforms) = preSolution
		Debug|Any CPU = Debug|Any CPU
		Release|Any CPU = Release|Any CPU
	EndGlobalSection
	GlobalSection(ProjectConfigurationPlatforms) = postSolution
		{2229D029-9402-47D3-BDAD-37585E343111}.Debug|Any CPU.ActiveCfg = Debug|Any CPU
		{2229D029-9402-47D3-BDAD-37585E343111}.Debug|Any CPU.Build.0 = Debug|Any CPU
		{2229D029-9402-47D3-BDAD-37585E343111}.Release|Any CPU.ActiveCfg = Release|Any CPU
		{2229D029-9402-47D3-BDAD-37585E343111}.Release|Any CPU.Build.0 = Release|Any CPU
	EndGlobalSection
	GlobalSection(SolutionProperties) = preSolution
		HideSolutionNode = FALSE
	EndGlobalSection
	GlobalSection(ExtensibilityGlobals) = postSolution
		SolutionGuid = {F1406CC1-7BE3-4193-BA63-70464D20904C}
	EndGlobalSection
EndGlobal
